
Microsoft Visual Studio Solution File, Format Version 12.00
# Visual Studio Version 17
VisualStudioVersion = 17.8.34219.65
MinimumVisualStudioVersion = 10.0.40219.1
Project("{9092AA53-FB77-4645-B42D-1CCCA6BD08BD}") = "System Integration NodeJs", "System Integration NodeJs\System Integration NodeJs.njsproj", "{73FB2F43-3970-4339-8831-58EAD4800A57}"
EndProject
Global
	GlobalSection(SolutionConfigurationPlatforms) = preSolution
		Debug|Any CPU = Debug|Any CPU
		Release|Any CPU = Release|Any CPU
	EndGlobalSection
	GlobalSection(ProjectConfigurationPlatforms) = postSolution
		{73FB2F43-3970-4339-8831-58EAD4800A57}.Debug|Any CPU.ActiveCfg = Debug|Any CPU
		{73FB2F43-3970-4339-8831-58EAD4800A57}.Debug|Any CPU.Build.0 = Debug|Any CPU
		{73FB2F43-3970-4339-8831-58EAD4800A57}.Release|Any CPU.ActiveCfg = Release|Any CPU
		{73FB2F43-3970-4339-8831-58EAD4800A57}.Release|Any CPU.Build.0 = Release|Any CPU
	EndGlobalSection
	GlobalSection(SolutionProperties) = preSolution
		HideSolutionNode = FALSE
	EndGlobalSection
	GlobalSection(ExtensibilityGlobals) = postSolution
		SolutionGuid = {4CC8376A-D057-4D01-9F1A-341AADD853E5}
	EndGlobalSection
EndGlobal
